
Microsoft Visual Studio Solution File, Format Version 12.00
# Visual Studio Version 16
VisualStudioVersion = 16.0.31729.503
MinimumVisualStudioVersion = 10.0.40219.1
Project("{8BC9CEB8-8B4A-11D0-8D11-00A0C91BC942}") = "Replicator", "Replicator\Replicator.vcxproj", "{2FA45AB0-24E9-4DC3-AC3D-1EC4108B80E5}"
EndProject
Project("{8BC9CEB8-8B4A-11D0-8D11-00A0C91BC942}") = "Process", "Process\Process.vcxproj", "{8353D574-67AA-47B8-A8AF-FD334B98F38E}"
EndProject
Project("{8BC9CEB8-8B4A-11D0-8D11-00A0C91BC942}") = "Replicator2", "Replicator2\Replicator2.vcxproj", "{27D37422-EC37-4C43-8590-2E176633B640}"
EndProject
Global
	GlobalSection(SolutionConfigurationPlatforms) = preSolution
		Debug|x64 = Debug|x64
		Debug|x86 = Debug|x86
		Release|x64 = Release|x64
		Release|x86 = Release|x86
	EndGlobalSection
	GlobalSection(ProjectConfigurationPlatforms) = postSolution
		{2FA45AB0-24E9-4DC3-AC3D-1EC4108B80E5}.Debug|x64.ActiveCfg = Debug|x64
		{2FA45AB0-24E9-4DC3-AC3D-1EC4108B80E5}.Debug|x64.Build.0 = Debug|x64
		{2FA45AB0-24E9-4DC3-AC3D-1EC4108B80E5}.Debug|x86.ActiveCfg = Debug|Win32
		{2FA45AB0-24E9-4DC3-AC3D-1EC4108B80E5}.Debug|x86.Build.0 = Debug|Win32
		{2FA45AB0-24E9-4DC3-AC3D-1EC4108B80E5}.Release|x64.ActiveCfg = Release|x64
		{2FA45AB0-24E9-4DC3-AC3D-1EC4108B80E5}.Release|x64.Build.0 = Release|x64
		{2FA45AB0-24E9-4DC3-AC3D-1EC4108B80E5}.Release|x86.ActiveCfg = Release|Win32
		{2FA45AB0-24E9-4DC3-AC3D-1EC4108B80E5}.Release|x86.Build.0 = Release|Win32
		{8353D574-67AA-47B8-A8AF-FD334B98F38E}.Debug|x64.ActiveCfg = Debug|x64
		{8353D574-67AA-47B8-A8AF-FD334B98F38E}.Debug|x64.Build.0 = Debug|x64
		{8353D574-67AA-47B8-A8AF-FD334B98F38E}.Debug|x86.ActiveCfg = Debug|Win32
		{8353D574-67AA-47B8-A8AF-FD334B98F38E}.Debug|x86.Build.0 = Debug|Win32
		{8353D574-67AA-47B8-A8AF-FD334B98F38E}.Release|x64.ActiveCfg = Release|x64
		{8353D574-67AA-47B8-A8AF-FD334B98F38E}.Release|x64.Build.0 = Release|x64
		{8353D574-67AA-47B8-A8AF-FD334B98F38E}.Release|x86.ActiveCfg = Release|Win32
		{8353D574-67AA-47B8-A8AF-FD334B98F38E}.Release|x86.Build.0 = Release|Win32
		{27D37422-EC37-4C43-8590-2E176633B640}.Debug|x64.ActiveCfg = Debug|x64
		{27D37422-EC37-4C43-8590-2E176633B640}.Debug|x64.Build.0 = Debug|x64
		{27D37422-EC37-4C43-8590-2E176633B640}.Debug|x86.ActiveCfg = Debug|Win32
		{27D37422-EC37-4C43-8590-2E176633B640}.Debug|x86.Build.0 = Debug|Win32
		{27D37422-EC37-4C43-8590-2E176633B640}.Release|x64.ActiveCfg = Release|x64
		{27D37422-EC37-4C43-8590-2E176633B640}.Release|x64.Build.0 = Release|x64
		{27D37422-EC37-4C43-8590-2E176633B640}.Release|x86.ActiveCfg = Release|Win32
		{27D37422-EC37-4C43-8590-2E176633B640}.Release|x86.Build.0 = Release|Win32
	EndGlobalSection
	GlobalSection(SolutionProperties) = preSolution
		HideSolutionNode = FALSE
	EndGlobalSection
	GlobalSection(ExtensibilityGlobals) = postSolution
		SolutionGuid = {E5AB6019-53CD-4915-BCD5-8AA17E55C6EE}
	EndGlobalSection
EndGlobal
